<?xml version="1.0" encoding="utf-8"?>
<Project ToolsVersion="4.0" xmlns="http://schemas.microsoft.com/developer/msbuild/2003">
  <ItemGroup>
    <Filter Include="Source Files">
      <UniqueIdentifier>{4FC737F1-C7A5-4376-A066-2A32D752A2FF}</UniqueIdentifier>
      <Extensions>cpp;c;cc;cxx;c++;cppm;ixx;def;odl;idl;hpj;bat;asm;asmx</Extensions>
    </Filter>
    <Filter Include="Header Files">
      <UniqueIdentifier>{93995380-89BD-4b04-88EB-625FBE52EBFB}</UniqueIdentifier>
      <Extensions>h;hh;hpp;hxx;h++;hm;inl;inc;ipp;xsd</Extensions>
    </Filter>
    <Filter Include="Resource Files">
      <UniqueIdentifier>{67DA6AB6-F800-4c08-8B7A-83BB121AAD01}</UniqueIdentifier>
      <Extensions>rc;ico;cur;bmp;dlg;rc2;rct;bin;rgs;gif;jpg;jpeg;jpe;resx;tiff;tif;png;wav;mfcribbon-ms</Extensions>
    </Filter>
    <Filter Include="Source Files\Common">
      <UniqueIdentifier>{18afc9e6-4afe-44d3-a3cd-65408aa17952}</UniqueIdentifier>
    </Filter>
    <Filter Include="Source Files\Content">
      <UniqueIdentifier>{7cec6318-e421-424c-8a2e-a768585466cb}</UniqueIdentifier>
    </Filter>
    <Filter Include="Source Files\Common\Camera">
      <UniqueIdentifier>{8d22567c-1fb0-4719-80d8-818f8b2567d3}</UniqueIdentifier>
    </Filter>
    <Filter Include="Source Files\Content\PBR">
      <UniqueIdentifier>{e3b730d7-575b-4f5d-8642-2af66ff1937d}</UniqueIdentifier>
    </Filter>
    <Filter Include="Source Files\Content\Unlit">
      <UniqueIdentifier>{840ebc53-7e4d-45c4-b3e9-6fd21b7416e8}</UniqueIdentifier>
    </Filter>
    <Filter Include="Source Files\Common\WIC Texture Loader">
      <UniqueIdentifier>{616d050d-cb2c-47df-b1ff-103be6768d58}</UniqueIdentifier>
    </Filter>
    <Filter Include="Source Files\Content\Sky sphere">
      <UniqueIdentifier>{a04ce0a0-7387-4254-88e1-e0e762e2638f}</UniqueIdentifier>
    </Filter>
    <Filter Include="Source Files\Content\PBR\IBL">
      <UniqueIdentifier>{623b502f-11ca-44ca-ba26-ccbcf42d84e7}</UniqueIdentifier>
    </Filter>
  </ItemGroup>
  <ItemGroup>
    <ClInclude Include="Common\DeviceResources.h">
      <Filter>Source Files\Common</Filter>
    </ClInclude>
    <ClInclude Include="Common\DirectXHelper.h">
      <Filter>Source Files\Common</Filter>
    </ClInclude>
    <ClInclude Include="Content\Sample3DSceneRenderer.h">
      <Filter>Source Files\Content</Filter>
    </ClInclude>
    <ClInclude Include="Content\SampleFpsTextRenderer.h">
      <Filter>Source Files\Content</Filter>
    </ClInclude>
    <ClInclude Include="Content\ShaderStructures.h">
      <Filter>Source Files\Content</Filter>
    </ClInclude>
    <ClInclude Include="pch.h">
      <Filter>Source Files</Filter>
    </ClInclude>
    <ClInclude Include="App.h">
      <Filter>Source Files</Filter>
    </ClInclude>
    <ClInclude Include="Common\StepTimer.h">
      <Filter>Source Files\Common</Filter>
    </ClInclude>
    <ClInclude Include="AnimMain.h">
      <Filter>Source Files</Filter>
    </ClInclude>
    <ClInclude Include="Common\Camera\Camera.h">
      <Filter>Source Files\Common\Camera</Filter>
    </ClInclude>
    <ClInclude Include="Common\Input\KeyboardEvent.h">
      <Filter>Header Files</Filter>
    </ClInclude>
    <ClInclude Include="Common\Input\Keyboard.h">
      <Filter>Header Files</Filter>
    </ClInclude>
    <ClInclude Include="Common\Input\MouseEvent.h">
      <Filter>Header Files</Filter>
    </ClInclude>
    <ClInclude Include="Common\Input\Mouse.h">
      <Filter>Header Files</Filter>
    </ClInclude>
    <ClInclude Include="Content\WICTextureLoader.h">
      <Filter>Source Files\Common\WIC Texture Loader</Filter>
    </ClInclude>
    <ClInclude Include="Common\stb_image.h">
      <Filter>Source Files\Common</Filter>
    </ClInclude>
    <ClInclude Include="Common\tiny_gltf.h">
      <Filter>Header Files</Filter>
    </ClInclude>
    <ClInclude Include="Common\json.hpp">
      <Filter>Header Files</Filter>
    </ClInclude>
    <ClInclude Include="Common\stb_image_write.h">
      <Filter>Header Files</Filter>
    </ClInclude>
    <ClInclude Include="Common\GeomModel\GeomModel.h">
      <Filter>Header Files</Filter>
    </ClInclude>
    <ClInclude Include="Common\Utils\Utils.h">
      <Filter>Header Files</Filter>
    </ClInclude>
  </ItemGroup>
  <ItemGroup>
    <ClCompile Include="Common\DeviceResources.cpp">
      <Filter>Source Files\Common</Filter>
    </ClCompile>
    <ClCompile Include="Content\Sample3DSceneRenderer.cpp">
      <Filter>Source Files\Content</Filter>
    </ClCompile>
    <ClCompile Include="Content\SampleFpsTextRenderer.cpp">
      <Filter>Source Files\Content</Filter>
    </ClCompile>
    <ClCompile Include="pch.cpp">
      <Filter>Source Files</Filter>
    </ClCompile>
    <ClCompile Include="main.cpp">
      <Filter>Source Files</Filter>
    </ClCompile>
    <ClCompile Include="App.cpp">
      <Filter>Source Files</Filter>
    </ClCompile>
    <ClCompile Include="AnimMain.cpp">
      <Filter>Source Files</Filter>
    </ClCompile>
    <ClCompile Include="Common\Camera\Camera.cpp">
      <Filter>Source Files\Common\Camera</Filter>
    </ClCompile>
    <ClCompile Include="Common\Input\KeyboardEvent.cpp">
      <Filter>Source Files</Filter>
    </ClCompile>
    <ClCompile Include="Common\Input\Keyboard.cpp">
      <Filter>Source Files</Filter>
    </ClCompile>
    <ClCompile Include="Common\Input\MouseEvent.cpp">
      <Filter>Source Files</Filter>
    </ClCompile>
    <ClCompile Include="Common\Input\Mouse.cpp">
      <Filter>Source Files</Filter>
    </ClCompile>
    <ClCompile Include="Content\WICTextureLoader.cpp">
      <Filter>Source Files\Common\WIC Texture Loader</Filter>
    </ClCompile>
    <ClCompile Include="Common\GeomModel\GeomModel.cpp">
      <Filter>Source Files</Filter>
    </ClCompile>
    <ClCompile Include="Common\Utils\Utils.cpp">
      <Filter>Source Files</Filter>
    </ClCompile>
  </ItemGroup>
  <ItemGroup>
    <FxCompile Include="Content\SamplePixelShader.hlsl">
      <Filter>Source Files\Content</Filter>
    </FxCompile>
    <FxCompile Include="Content\SampleVertexShader.hlsl">
      <Filter>Source Files\Content</Filter>
    </FxCompile>
    <FxCompile Include="CopyTexturePixelShader.hlsl">
      <Filter>Source Files</Filter>
    </FxCompile>
    <FxCompile Include="CopyTextureVertexShader.hlsl">
      <Filter>Source Files</Filter>
    </FxCompile>
    <FxCompile Include="BrightnessCopyTexturePixelShader.hlsl">
      <Filter>Source Files</Filter>
    </FxCompile>
    <FxCompile Include="HDRPixelShader.hlsl">
      <Filter>Source Files</Filter>
    </FxCompile>
    <FxCompile Include="Content\PBRPixelShader.hlsl">
      <Filter>Source Files\Content\PBR</Filter>
    </FxCompile>
    <FxCompile Include="Content\NormalDistributionPixelShader.hlsl">
      <Filter>Source Files\Content\PBR</Filter>
    </FxCompile>
    <FxCompile Include="Content\GeometryPixelShader.hlsl">
      <Filter>Source Files\Content\PBR</Filter>
    </FxCompile>
    <FxCompile Include="Content\FresnelPixelShader.hlsl">
      <Filter>Source Files\Content\PBR</Filter>
    </FxCompile>
    <FxCompile Include="Content\UnlitPixelShader.hlsl">
      <Filter>Source Files\Content\Unlit</Filter>
    </FxCompile>
    <FxCompile Include="Content\UnlitVertexShader.hlsl">
      <Filter>Source Files\Content\Unlit</Filter>
    </FxCompile>
    <FxCompile Include="Content\UnlitInclude.cginc">
      <Filter>Source Files\Content\Unlit</Filter>
    </FxCompile>
    <FxCompile Include="Content\SkySpherePixelShader.hlsl">
      <Filter>Source Files\Content\Sky sphere</Filter>
    </FxCompile>
    <FxCompile Include="Content\IrradianceMapPixelShader.hlsl">
      <Filter>Source Files\Content\PBR\IBL</Filter>
    </FxCompile>
    <FxCompile Include="content\PrefilteredColorMapPixelShader.hlsl">
      <Filter>Source Files\Content\PBR\IBL</Filter>
    </FxCompile>
    <FxCompile Include="content\PreintegratedBRDFPixelShader.hlsl">
      <Filter>Source Files\Content\PBR\IBL</Filter>
    </FxCompile>
    <FxCompile Include="Content\Equidistant2CubeMapPixelShader.hlsl">
      <Filter>Source Files\Content\PBR\IBL</Filter>
    </FxCompile>
    <FxCompile Include="Content\GeomModelShaders.fx" />
    <FxCompile Include="Content\GeomModelVertexShader.hlsl" />
    <FxCompile Include="Content\GeomModelPixelShader.hlsl" />
  </ItemGroup>
  <ItemGroup>
    <None Include="Content\noiseSimplex.cginc">
      <Filter>Source Files\Content</Filter>
    </None>
    <None Include="Content\PBRInclude.cginc">
      <Filter>Source Files\Content\PBR</Filter>
    </None>
    <None Include="content\ImportanceSample.cginc">
      <Filter>Source Files\Content\PBR\IBL</Filter>
    </None>
  </ItemGroup>
</Project>